// !$*UTF8*$!
{
	archiveVersion = 1;
	classes = {
	};
	objectVersion = 46;
	objects = {

/* Begin PBXBuildFile section */
		84EAD8971DAD24F50034B9E2 /* AppDelegate.swift in Sources */ = {isa = PBXBuildFile; fileRef = 84EAD8961DAD24F50034B9E2 /* AppDelegate.swift */; };
		84EAD89E1DAD24F50034B9E2 /* Assets.xcassets in Resources */ = {isa = PBXBuildFile; fileRef = 84EAD89D1DAD24F50034B9E2 /* Assets.xcassets */; };
		84EAD8A11DAD24F50034B9E2 /* LaunchScreen.storyboard in Resources */ = {isa = PBXBuildFile; fileRef = 84EAD89F1DAD24F50034B9E2 /* LaunchScreen.storyboard */; };
		84EAD8C71DAD26F60034B9E2 /* HomeInteractor.swift in Sources */ = {isa = PBXBuildFile; fileRef = 84EAD8BF1DAD26F60034B9E2 /* HomeInteractor.swift */; };
		84EAD8C81DAD26F60034B9E2 /* HomeInteractorProtocol.swift in Sources */ = {isa = PBXBuildFile; fileRef = 84EAD8C01DAD26F60034B9E2 /* HomeInteractorProtocol.swift */; };
		84EAD8C91DAD26F60034B9E2 /* Home.storyboard in Resources */ = {isa = PBXBuildFile; fileRef = 84EAD8C21DAD26F60034B9E2 /* Home.storyboard */; };
		84EAD8CA1DAD26F60034B9E2 /* HomeViewController.swift in Sources */ = {isa = PBXBuildFile; fileRef = 84EAD8C31DAD26F60034B9E2 /* HomeViewController.swift */; };
		84EAD8CB1DAD26F60034B9E2 /* HomeWireframe.swift in Sources */ = {isa = PBXBuildFile; fileRef = 84EAD8C51DAD26F60034B9E2 /* HomeWireframe.swift */; };
		84EAD8CC1DAD26F60034B9E2 /* HomeWireframeProtocol.swift in Sources */ = {isa = PBXBuildFile; fileRef = 84EAD8C61DAD26F60034B9E2 /* HomeWireframeProtocol.swift */; };
		84EAD8D61DAD27090034B9E2 /* PlayerInteractor.swift in Sources */ = {isa = PBXBuildFile; fileRef = 84EAD8CE1DAD27090034B9E2 /* PlayerInteractor.swift */; };
		84EAD8D71DAD27090034B9E2 /* PlayerInteractorProtocol.swift in Sources */ = {isa = PBXBuildFile; fileRef = 84EAD8CF1DAD27090034B9E2 /* PlayerInteractorProtocol.swift */; };
		84EAD8D81DAD27090034B9E2 /* Player.storyboard in Resources */ = {isa = PBXBuildFile; fileRef = 84EAD8D11DAD27090034B9E2 /* Player.storyboard */; };
		84EAD8D91DAD27090034B9E2 /* PlayerViewController.swift in Sources */ = {isa = PBXBuildFile; fileRef = 84EAD8D21DAD27090034B9E2 /* PlayerViewController.swift */; };
		84EAD8DA1DAD27090034B9E2 /* PlayerWireframe.swift in Sources */ = {isa = PBXBuildFile; fileRef = 84EAD8D41DAD27090034B9E2 /* PlayerWireframe.swift */; };
		84EAD8DB1DAD27090034B9E2 /* PlayerWireframeProtocol.swift in Sources */ = {isa = PBXBuildFile; fileRef = 84EAD8D51DAD27090034B9E2 /* PlayerWireframeProtocol.swift */; };
		84EAD8E51DAD27170034B9E2 /* TracksInteractor.swift in Sources */ = {isa = PBXBuildFile; fileRef = 84EAD8DD1DAD27170034B9E2 /* TracksInteractor.swift */; };
		84EAD8E61DAD27170034B9E2 /* TracksIntreractorProtocol.swift in Sources */ = {isa = PBXBuildFile; fileRef = 84EAD8DE1DAD27170034B9E2 /* TracksIntreractorProtocol.swift */; };
		84EAD8E71DAD27170034B9E2 /* Tracks.storyboard in Resources */ = {isa = PBXBuildFile; fileRef = 84EAD8E01DAD27170034B9E2 /* Tracks.storyboard */; };
		84EAD8E81DAD27170034B9E2 /* TracksViewController.swift in Sources */ = {isa = PBXBuildFile; fileRef = 84EAD8E11DAD27170034B9E2 /* TracksViewController.swift */; };
		84EAD8E91DAD27170034B9E2 /* TracksWireframe.swift in Sources */ = {isa = PBXBuildFile; fileRef = 84EAD8E31DAD27170034B9E2 /* TracksWireframe.swift */; };
		84EAD8EA1DAD27170034B9E2 /* TracksWireframeProtocol.swift in Sources */ = {isa = PBXBuildFile; fileRef = 84EAD8E41DAD27170034B9E2 /* TracksWireframeProtocol.swift */; };
		84EAD8F41DAD27200034B9E2 /* WelcomeInteractor.swift in Sources */ = {isa = PBXBuildFile; fileRef = 84EAD8EC1DAD27200034B9E2 /* WelcomeInteractor.swift */; };
		84EAD8F51DAD27200034B9E2 /* WelcomeInteractorProtocol.swift in Sources */ = {isa = PBXBuildFile; fileRef = 84EAD8ED1DAD27200034B9E2 /* WelcomeInteractorProtocol.swift */; };
		84EAD8F61DAD27200034B9E2 /* Welcome.storyboard in Resources */ = {isa = PBXBuildFile; fileRef = 84EAD8EF1DAD27200034B9E2 /* Welcome.storyboard */; };
		84EAD8F71DAD27200034B9E2 /* WelcomeViewController.swift in Sources */ = {isa = PBXBuildFile; fileRef = 84EAD8F01DAD27200034B9E2 /* WelcomeViewController.swift */; };
		84EAD8F81DAD27200034B9E2 /* WelcomeWireframe.swift in Sources */ = {isa = PBXBuildFile; fileRef = 84EAD8F21DAD27200034B9E2 /* WelcomeWireframe.swift */; };
		84EAD8F91DAD27200034B9E2 /* WelcomeWireframeProtocol.swift in Sources */ = {isa = PBXBuildFile; fileRef = 84EAD8F31DAD27200034B9E2 /* WelcomeWireframeProtocol.swift */; };
		84EAD9051DAD272C0034B9E2 /* LoginInteractor.swift in Sources */ = {isa = PBXBuildFile; fileRef = 84EAD8FB1DAD272C0034B9E2 /* LoginInteractor.swift */; };
		84EAD9061DAD272C0034B9E2 /* LoginInteractorProtocol.swift in Sources */ = {isa = PBXBuildFile; fileRef = 84EAD8FC1DAD272C0034B9E2 /* LoginInteractorProtocol.swift */; };
		84EAD9071DAD272C0034B9E2 /* Login.storyboard in Resources */ = {isa = PBXBuildFile; fileRef = 84EAD8FE1DAD272C0034B9E2 /* Login.storyboard */; };
		84EAD9081DAD272C0034B9E2 /* LoginViewController.swift in Sources */ = {isa = PBXBuildFile; fileRef = 84EAD8FF1DAD272C0034B9E2 /* LoginViewController.swift */; };
		84EAD9091DAD272C0034B9E2 /* SoundCloudAuthenticator.swift in Sources */ = {isa = PBXBuildFile; fileRef = 84EAD9011DAD272C0034B9E2 /* SoundCloudAuthenticator.swift */; };
		84EAD90A1DAD272C0034B9E2 /* LoginWireframe.swift in Sources */ = {isa = PBXBuildFile; fileRef = 84EAD9031DAD272C0034B9E2 /* LoginWireframe.swift */; };
		84EAD90B1DAD272C0034B9E2 /* LoginWireframeProtocol.swift in Sources */ = {isa = PBXBuildFile; fileRef = 84EAD9041DAD272C0034B9E2 /* LoginWireframeProtocol.swift */; };
		84EAD90D1DAD27880034B9E2 /* RootWireframe.swift in Sources */ = {isa = PBXBuildFile; fileRef = 84EAD90C1DAD27870034B9E2 /* RootWireframe.swift */; };
		84EAD9101DAD27FB0034B9E2 /* logo.png in Resources */ = {isa = PBXBuildFile; fileRef = 84EAD90F1DAD27FB0034B9E2 /* logo.png */; };
		84EAD9131DAD29960034B9E2 /* HeaderTableView.xib in Resources */ = {isa = PBXBuildFile; fileRef = 84EAD9121DAD29960034B9E2 /* HeaderTableView.xib */; };
		84EAD9151DAD29CE0034B9E2 /* HeaderTableViewCell.swift in Sources */ = {isa = PBXBuildFile; fileRef = 84EAD9141DAD29CE0034B9E2 /* HeaderTableViewCell.swift */; };
		84EAD9171DAD2C0A0034B9E2 /* ActivityTableViewCell.xib in Resources */ = {isa = PBXBuildFile; fileRef = 84EAD9161DAD2C0A0034B9E2 /* ActivityTableViewCell.xib */; };
		84EAD9191DAD2C290034B9E2 /* ActivityTableViewCell.swift in Sources */ = {isa = PBXBuildFile; fileRef = 84EAD9181DAD2C290034B9E2 /* ActivityTableViewCell.swift */; };
		84EAD91C1DAD2D6F0034B9E2 /* RequestService.swift in Sources */ = {isa = PBXBuildFile; fileRef = 84EAD91B1DAD2D6F0034B9E2 /* RequestService.swift */; };
/* End PBXBuildFile section */

/* Begin PBXFileReference section */
		84EAD8931DAD24F50034B9E2 /* SoundCloudViper.app */ = {isa = PBXFileReference; explicitFileType = wrapper.application; includeInIndex = 0; path = SoundCloudViper.app; sourceTree = BUILT_PRODUCTS_DIR; };
		84EAD8961DAD24F50034B9E2 /* AppDelegate.swift */ = {isa = PBXFileReference; lastKnownFileType = sourcecode.swift; path = AppDelegate.swift; sourceTree = "<group>"; };
		84EAD89D1DAD24F50034B9E2 /* Assets.xcassets */ = {isa = PBXFileReference; lastKnownFileType = folder.assetcatalog; path = Assets.xcassets; sourceTree = "<group>"; };
		84EAD8A01DAD24F50034B9E2 /* Base */ = {isa = PBXFileReference; lastKnownFileType = file.storyboard; name = Base; path = Base.lproj/LaunchScreen.storyboard; sourceTree = "<group>"; };
		84EAD8A21DAD24F50034B9E2 /* Info.plist */ = {isa = PBXFileReference; lastKnownFileType = text.plist.xml; path = Info.plist; sourceTree = "<group>"; };
		84EAD8BF1DAD26F60034B9E2 /* HomeInteractor.swift */ = {isa = PBXFileReference; fileEncoding = 4; lastKnownFileType = sourcecode.swift; path = HomeInteractor.swift; sourceTree = "<group>"; };
		84EAD8C01DAD26F60034B9E2 /* HomeInteractorProtocol.swift */ = {isa = PBXFileReference; fileEncoding = 4; lastKnownFileType = sourcecode.swift; path = HomeInteractorProtocol.swift; sourceTree = "<group>"; };
		84EAD8C21DAD26F60034B9E2 /* Home.storyboard */ = {isa = PBXFileReference; fileEncoding = 4; lastKnownFileType = file.storyboard; path = Home.storyboard; sourceTree = "<group>"; };
		84EAD8C31DAD26F60034B9E2 /* HomeViewController.swift */ = {isa = PBXFileReference; fileEncoding = 4; lastKnownFileType = sourcecode.swift; path = HomeViewController.swift; sourceTree = "<group>"; };
		84EAD8C51DAD26F60034B9E2 /* HomeWireframe.swift */ = {isa = PBXFileReference; fileEncoding = 4; lastKnownFileType = sourcecode.swift; path = HomeWireframe.swift; sourceTree = "<group>"; };
		84EAD8C61DAD26F60034B9E2 /* HomeWireframeProtocol.swift */ = {isa = PBXFileReference; fileEncoding = 4; lastKnownFileType = sourcecode.swift; path = HomeWireframeProtocol.swift; sourceTree = "<group>"; };
		84EAD8CE1DAD27090034B9E2 /* PlayerInteractor.swift */ = {isa = PBXFileReference; fileEncoding = 4; lastKnownFileType = sourcecode.swift; path = PlayerInteractor.swift; sourceTree = "<group>"; };
		84EAD8CF1DAD27090034B9E2 /* PlayerInteractorProtocol.swift */ = {isa = PBXFileReference; fileEncoding = 4; lastKnownFileType = sourcecode.swift; path = PlayerInteractorProtocol.swift; sourceTree = "<group>"; };
		84EAD8D11DAD27090034B9E2 /* Player.storyboard */ = {isa = PBXFileReference; fileEncoding = 4; lastKnownFileType = file.storyboard; path = Player.storyboard; sourceTree = "<group>"; };
		84EAD8D21DAD27090034B9E2 /* PlayerViewController.swift */ = {isa = PBXFileReference; fileEncoding = 4; lastKnownFileType = sourcecode.swift; path = PlayerViewController.swift; sourceTree = "<group>"; };
		84EAD8D41DAD27090034B9E2 /* PlayerWireframe.swift */ = {isa = PBXFileReference; fileEncoding = 4; lastKnownFileType = sourcecode.swift; path = PlayerWireframe.swift; sourceTree = "<group>"; };
		84EAD8D51DAD27090034B9E2 /* PlayerWireframeProtocol.swift */ = {isa = PBXFileReference; fileEncoding = 4; lastKnownFileType = sourcecode.swift; path = PlayerWireframeProtocol.swift; sourceTree = "<group>"; };
		84EAD8DD1DAD27170034B9E2 /* TracksInteractor.swift */ = {isa = PBXFileReference; fileEncoding = 4; lastKnownFileType = sourcecode.swift; path = TracksInteractor.swift; sourceTree = "<group>"; };
		84EAD8DE1DAD27170034B9E2 /* TracksIntreractorProtocol.swift */ = {isa = PBXFileReference; fileEncoding = 4; lastKnownFileType = sourcecode.swift; path = TracksIntreractorProtocol.swift; sourceTree = "<group>"; };
		84EAD8E01DAD27170034B9E2 /* Tracks.storyboard */ = {isa = PBXFileReference; fileEncoding = 4; lastKnownFileType = file.storyboard; path = Tracks.storyboard; sourceTree = "<group>"; };
		84EAD8E11DAD27170034B9E2 /* TracksViewController.swift */ = {isa = PBXFileReference; fileEncoding = 4; lastKnownFileType = sourcecode.swift; path = TracksViewController.swift; sourceTree = "<group>"; };
		84EAD8E31DAD27170034B9E2 /* TracksWireframe.swift */ = {isa = PBXFileReference; fileEncoding = 4; lastKnownFileType = sourcecode.swift; path = TracksWireframe.swift; sourceTree = "<group>"; };
		84EAD8E41DAD27170034B9E2 /* TracksWireframeProtocol.swift */ = {isa = PBXFileReference; fileEncoding = 4; lastKnownFileType = sourcecode.swift; path = TracksWireframeProtocol.swift; sourceTree = "<group>"; };
		84EAD8EC1DAD27200034B9E2 /* WelcomeInteractor.swift */ = {isa = PBXFileReference; fileEncoding = 4; lastKnownFileType = sourcecode.swift; path = WelcomeInteractor.swift; sourceTree = "<group>"; };
		84EAD8ED1DAD27200034B9E2 /* WelcomeInteractorProtocol.swift */ = {isa = PBXFileReference; fileEncoding = 4; lastKnownFileType = sourcecode.swift; path = WelcomeInteractorProtocol.swift; sourceTree = "<group>"; };
		84EAD8EF1DAD27200034B9E2 /* Welcome.storyboard */ = {isa = PBXFileReference; fileEncoding = 4; lastKnownFileType = file.storyboard; path = Welcome.storyboard; sourceTree = "<group>"; };
		84EAD8F01DAD27200034B9E2 /* WelcomeViewController.swift */ = {isa = PBXFileReference; fileEncoding = 4; lastKnownFileType = sourcecode.swift; path = WelcomeViewController.swift; sourceTree = "<group>"; };
		84EAD8F21DAD27200034B9E2 /* WelcomeWireframe.swift */ = {isa = PBXFileReference; fileEncoding = 4; lastKnownFileType = sourcecode.swift; path = WelcomeWireframe.swift; sourceTree = "<group>"; };
		84EAD8F31DAD27200034B9E2 /* WelcomeWireframeProtocol.swift */ = {isa = PBXFileReference; fileEncoding = 4; lastKnownFileType = sourcecode.swift; path = WelcomeWireframeProtocol.swift; sourceTree = "<group>"; };
		84EAD8FB1DAD272C0034B9E2 /* LoginInteractor.swift */ = {isa = PBXFileReference; fileEncoding = 4; lastKnownFileType = sourcecode.swift; path = LoginInteractor.swift; sourceTree = "<group>"; };
		84EAD8FC1DAD272C0034B9E2 /* LoginInteractorProtocol.swift */ = {isa = PBXFileReference; fileEncoding = 4; lastKnownFileType = sourcecode.swift; path = LoginInteractorProtocol.swift; sourceTree = "<group>"; };
		84EAD8FE1DAD272C0034B9E2 /* Login.storyboard */ = {isa = PBXFileReference; fileEncoding = 4; lastKnownFileType = file.storyboard; path = Login.storyboard; sourceTree = "<group>"; };
		84EAD8FF1DAD272C0034B9E2 /* LoginViewController.swift */ = {isa = PBXFileReference; fileEncoding = 4; lastKnownFileType = sourcecode.swift; path = LoginViewController.swift; sourceTree = "<group>"; };
		84EAD9011DAD272C0034B9E2 /* SoundCloudAuthenticator.swift */ = {isa = PBXFileReference; fileEncoding = 4; lastKnownFileType = sourcecode.swift; path = SoundCloudAuthenticator.swift; sourceTree = "<group>"; };
		84EAD9031DAD272C0034B9E2 /* LoginWireframe.swift */ = {isa = PBXFileReference; fileEncoding = 4; lastKnownFileType = sourcecode.swift; path = LoginWireframe.swift; sourceTree = "<group>"; };
		84EAD9041DAD272C0034B9E2 /* LoginWireframeProtocol.swift */ = {isa = PBXFileReference; fileEncoding = 4; lastKnownFileType = sourcecode.swift; path = LoginWireframeProtocol.swift; sourceTree = "<group>"; };
		84EAD90C1DAD27870034B9E2 /* RootWireframe.swift */ = {isa = PBXFileReference; fileEncoding = 4; lastKnownFileType = sourcecode.swift; path = RootWireframe.swift; sourceTree = "<group>"; };
		84EAD90F1DAD27FB0034B9E2 /* logo.png */ = {isa = PBXFileReference; lastKnownFileType = image.png; path = logo.png; sourceTree = "<group>"; };
		84EAD9121DAD29960034B9E2 /* HeaderTableView.xib */ = {isa = PBXFileReference; fileEncoding = 4; lastKnownFileType = file.xib; path = HeaderTableView.xib; sourceTree = "<group>"; };
		84EAD9141DAD29CE0034B9E2 /* HeaderTableViewCell.swift */ = {isa = PBXFileReference; fileEncoding = 4; lastKnownFileType = sourcecode.swift; path = HeaderTableViewCell.swift; sourceTree = "<group>"; };
		84EAD9161DAD2C0A0034B9E2 /* ActivityTableViewCell.xib */ = {isa = PBXFileReference; fileEncoding = 4; lastKnownFileType = file.xib; path = ActivityTableViewCell.xib; sourceTree = "<group>"; };
		84EAD9181DAD2C290034B9E2 /* ActivityTableViewCell.swift */ = {isa = PBXFileReference; fileEncoding = 4; lastKnownFileType = sourcecode.swift; path = ActivityTableViewCell.swift; sourceTree = "<group>"; };
		84EAD91B1DAD2D6F0034B9E2 /* RequestService.swift */ = {isa = PBXFileReference; fileEncoding = 4; lastKnownFileType = sourcecode.swift; path = RequestService.swift; sourceTree = "<group>"; };
/* End PBXFileReference section */

/* Begin PBXFrameworksBuildPhase section */
		84EAD8901DAD24F50034B9E2 /* Frameworks */ = {
			isa = PBXFrameworksBuildPhase;
			buildActionMask = 2147483647;
			files = (
			);
			runOnlyForDeploymentPostprocessing = 0;
		};
/* End PBXFrameworksBuildPhase section */

/* Begin PBXGroup section */
		84EAD88A1DAD24F50034B9E2 = {
			isa = PBXGroup;
			children = (
				84EAD8951DAD24F50034B9E2 /* SoundCloudViper */,
				84EAD8941DAD24F50034B9E2 /* Products */,
			);
			sourceTree = "<group>";
		};
		84EAD8941DAD24F50034B9E2 /* Products */ = {
			isa = PBXGroup;
			children = (
				84EAD8931DAD24F50034B9E2 /* SoundCloudViper.app */,
			);
			name = Products;
			sourceTree = "<group>";
		};
		84EAD8951DAD24F50034B9E2 /* SoundCloudViper */ = {
			isa = PBXGroup;
			children = (
				84EAD9111DAD297B0034B9E2 /* TableViewCell */,
				84EAD90E1DAD27FB0034B9E2 /* Image */,
				84EAD8A91DAD25640034B9E2 /* Module */,
				84EAD8961DAD24F50034B9E2 /* AppDelegate.swift */,
				84EAD90C1DAD27870034B9E2 /* RootWireframe.swift */,
				84EAD89D1DAD24F50034B9E2 /* Assets.xcassets */,
				84EAD89F1DAD24F50034B9E2 /* LaunchScreen.storyboard */,
				84EAD8A21DAD24F50034B9E2 /* Info.plist */,
			);
			path = SoundCloudViper;
			sourceTree = "<group>";
		};
		84EAD8A91DAD25640034B9E2 /* Module */ = {
			isa = PBXGroup;
			children = (
				84EAD8AA1DAD25A10034B9E2 /* Home */,
				84EAD8AB1DAD25A10034B9E2 /* Player */,
				84EAD8AC1DAD25A10034B9E2 /* Tracks */,
				84EAD8AD1DAD25A10034B9E2 /* Welcome */,
				84EAD8AE1DAD25A10034B9E2 /* Login */,
			);
			path = Module;
			sourceTree = "<group>";
		};
		84EAD8AA1DAD25A10034B9E2 /* Home */ = {
			isa = PBXGroup;
			children = (
				84EAD91A1DAD2D560034B9E2 /* Service */,
				84EAD8BE1DAD26F60034B9E2 /* Interactor */,
				84EAD8C11DAD26F60034B9E2 /* Presenter */,
				84EAD8C41DAD26F60034B9E2 /* Wireframe */,
			);
			path = Home;
			sourceTree = "<group>";
		};
		84EAD8AB1DAD25A10034B9E2 /* Player */ = {
			isa = PBXGroup;
			children = (
				84EAD8CD1DAD27090034B9E2 /* Interactor */,
				84EAD8D01DAD27090034B9E2 /* Presenter */,
				84EAD8D31DAD27090034B9E2 /* Wireframe */,
			);
			path = Player;
			sourceTree = "<group>";
		};
		84EAD8AC1DAD25A10034B9E2 /* Tracks */ = {
			isa = PBXGroup;
			children = (
				84EAD8DC1DAD27170034B9E2 /* Interactor */,
				84EAD8DF1DAD27170034B9E2 /* Presenter */,
				84EAD8E21DAD27170034B9E2 /* Wireframe */,
			);
			path = Tracks;
			sourceTree = "<group>";
		};
		84EAD8AD1DAD25A10034B9E2 /* Welcome */ = {
			isa = PBXGroup;
			children = (
				84EAD8EB1DAD27200034B9E2 /* Interactor */,
				84EAD8EE1DAD27200034B9E2 /* Presenter */,
				84EAD8F11DAD27200034B9E2 /* Wireframe */,
			);
			path = Welcome;
			sourceTree = "<group>";
		};
		84EAD8AE1DAD25A10034B9E2 /* Login */ = {
			isa = PBXGroup;
			children = (
				84EAD8FA1DAD272C0034B9E2 /* Interactor */,
				84EAD8FD1DAD272C0034B9E2 /* Presenter */,
				84EAD9001DAD272C0034B9E2 /* Services */,
				84EAD9021DAD272C0034B9E2 /* Wireframe */,
			);
			path = Login;
			sourceTree = "<group>";
		};
		84EAD8BE1DAD26F60034B9E2 /* Interactor */ = {
			isa = PBXGroup;
			children = (
				84EAD8BF1DAD26F60034B9E2 /* HomeInteractor.swift */,
				84EAD8C01DAD26F60034B9E2 /* HomeInteractorProtocol.swift */,
			);
			path = Interactor;
			sourceTree = "<group>";
		};
		84EAD8C11DAD26F60034B9E2 /* Presenter */ = {
			isa = PBXGroup;
			children = (
				84EAD8C21DAD26F60034B9E2 /* Home.storyboard */,
				84EAD8C31DAD26F60034B9E2 /* HomeViewController.swift */,
			);
			path = Presenter;
			sourceTree = "<group>";
		};
		84EAD8C41DAD26F60034B9E2 /* Wireframe */ = {
			isa = PBXGroup;
			children = (
				84EAD8C51DAD26F60034B9E2 /* HomeWireframe.swift */,
				84EAD8C61DAD26F60034B9E2 /* HomeWireframeProtocol.swift */,
			);
			path = Wireframe;
			sourceTree = "<group>";
		};
		84EAD8CD1DAD27090034B9E2 /* Interactor */ = {
			isa = PBXGroup;
			children = (
				84EAD8CE1DAD27090034B9E2 /* PlayerInteractor.swift */,
				84EAD8CF1DAD27090034B9E2 /* PlayerInteractorProtocol.swift */,
			);
			path = Interactor;
			sourceTree = "<group>";
		};
		84EAD8D01DAD27090034B9E2 /* Presenter */ = {
			isa = PBXGroup;
			children = (
				84EAD8D11DAD27090034B9E2 /* Player.storyboard */,
				84EAD8D21DAD27090034B9E2 /* PlayerViewController.swift */,
			);
			path = Presenter;
			sourceTree = "<group>";
		};
		84EAD8D31DAD27090034B9E2 /* Wireframe */ = {
			isa = PBXGroup;
			children = (
				84EAD8D41DAD27090034B9E2 /* PlayerWireframe.swift */,
				84EAD8D51DAD27090034B9E2 /* PlayerWireframeProtocol.swift */,
			);
			path = Wireframe;
			sourceTree = "<group>";
		};
		84EAD8DC1DAD27170034B9E2 /* Interactor */ = {
			isa = PBXGroup;
			children = (
				84EAD8DD1DAD27170034B9E2 /* TracksInteractor.swift */,
				84EAD8DE1DAD27170034B9E2 /* TracksIntreractorProtocol.swift */,
			);
			path = Interactor;
			sourceTree = "<group>";
		};
		84EAD8DF1DAD27170034B9E2 /* Presenter */ = {
			isa = PBXGroup;
			children = (
				84EAD8E01DAD27170034B9E2 /* Tracks.storyboard */,
				84EAD8E11DAD27170034B9E2 /* TracksViewController.swift */,
			);
			path = Presenter;
			sourceTree = "<group>";
		};
		84EAD8E21DAD27170034B9E2 /* Wireframe */ = {
			isa = PBXGroup;
			children = (
				84EAD8E31DAD27170034B9E2 /* TracksWireframe.swift */,
				84EAD8E41DAD27170034B9E2 /* TracksWireframeProtocol.swift */,
			);
			path = Wireframe;
			sourceTree = "<group>";
		};
		84EAD8EB1DAD27200034B9E2 /* Interactor */ = {
			isa = PBXGroup;
			children = (
				84EAD8EC1DAD27200034B9E2 /* WelcomeInteractor.swift */,
				84EAD8ED1DAD27200034B9E2 /* WelcomeInteractorProtocol.swift */,
			);
			path = Interactor;
			sourceTree = "<group>";
		};
		84EAD8EE1DAD27200034B9E2 /* Presenter */ = {
			isa = PBXGroup;
			children = (
				84EAD8EF1DAD27200034B9E2 /* Welcome.storyboard */,
				84EAD8F01DAD27200034B9E2 /* WelcomeViewController.swift */,
			);
			path = Presenter;
			sourceTree = "<group>";
		};
		84EAD8F11DAD27200034B9E2 /* Wireframe */ = {
			isa = PBXGroup;
			children = (
				84EAD8F21DAD27200034B9E2 /* WelcomeWireframe.swift */,
				84EAD8F31DAD27200034B9E2 /* WelcomeWireframeProtocol.swift */,
			);
			path = Wireframe;
			sourceTree = "<group>";
		};
		84EAD8FA1DAD272C0034B9E2 /* Interactor */ = {
			isa = PBXGroup;
			children = (
				84EAD8FB1DAD272C0034B9E2 /* LoginInteractor.swift */,
				84EAD8FC1DAD272C0034B9E2 /* LoginInteractorProtocol.swift */,
			);
			path = Interactor;
			sourceTree = "<group>";
		};
		84EAD8FD1DAD272C0034B9E2 /* Presenter */ = {
			isa = PBXGroup;
			children = (
				84EAD8FE1DAD272C0034B9E2 /* Login.storyboard */,
				84EAD8FF1DAD272C0034B9E2 /* LoginViewController.swift */,
			);
			path = Presenter;
			sourceTree = "<group>";
		};
		84EAD9001DAD272C0034B9E2 /* Services */ = {
			isa = PBXGroup;
			children = (
				84EAD9011DAD272C0034B9E2 /* SoundCloudAuthenticator.swift */,
			);
			path = Services;
			sourceTree = "<group>";
		};
		84EAD9021DAD272C0034B9E2 /* Wireframe */ = {
			isa = PBXGroup;
			children = (
				84EAD9031DAD272C0034B9E2 /* LoginWireframe.swift */,
				84EAD9041DAD272C0034B9E2 /* LoginWireframeProtocol.swift */,
			);
			path = Wireframe;
			sourceTree = "<group>";
		};
		84EAD90E1DAD27FB0034B9E2 /* Image */ = {
			isa = PBXGroup;
			children = (
				84EAD90F1DAD27FB0034B9E2 /* logo.png */,
			);
			path = Image;
			sourceTree = "<group>";
		};
		84EAD9111DAD297B0034B9E2 /* TableViewCell */ = {
			isa = PBXGroup;
			children = (
				84EAD9121DAD29960034B9E2 /* HeaderTableView.xib */,
				84EAD9141DAD29CE0034B9E2 /* HeaderTableViewCell.swift */,
				84EAD9161DAD2C0A0034B9E2 /* ActivityTableViewCell.xib */,
				84EAD9181DAD2C290034B9E2 /* ActivityTableViewCell.swift */,
			);
			path = TableViewCell;
			sourceTree = "<group>";
		};
		84EAD91A1DAD2D560034B9E2 /* Service */ = {
			isa = PBXGroup;
			children = (
				84EAD91B1DAD2D6F0034B9E2 /* RequestService.swift */,
			);
			path = Service;
			sourceTree = "<group>";
		};
/* End PBXGroup section */

/* Begin PBXNativeTarget section */
		84EAD8921DAD24F50034B9E2 /* SoundCloudViper */ = {
			isa = PBXNativeTarget;
			buildConfigurationList = 84EAD8A51DAD24F50034B9E2 /* Build configuration list for PBXNativeTarget "SoundCloudViper" */;
			buildPhases = (
				84EAD88F1DAD24F50034B9E2 /* Sources */,
				84EAD8901DAD24F50034B9E2 /* Frameworks */,
				84EAD8911DAD24F50034B9E2 /* Resources */,
			);
			buildRules = (
			);
			dependencies = (
			);
			name = SoundCloudViper;
			productName = SoundCloudViper;
			productReference = 84EAD8931DAD24F50034B9E2 /* SoundCloudViper.app */;
			productType = "com.apple.product-type.application";
		};
/* End PBXNativeTarget section */

/* Begin PBXProject section */
		84EAD88B1DAD24F50034B9E2 /* Project object */ = {
			isa = PBXProject;
			attributes = {
				LastSwiftUpdateCheck = 0800;
				LastUpgradeCheck = 0800;
				ORGANIZATIONNAME = Mozi;
				TargetAttributes = {
					84EAD8921DAD24F50034B9E2 = {
						CreatedOnToolsVersion = 8.0;
						ProvisioningStyle = Automatic;
					};
				};
			};
			buildConfigurationList = 84EAD88E1DAD24F50034B9E2 /* Build configuration list for PBXProject "SoundCloudViper" */;
			compatibilityVersion = "Xcode 3.2";
			developmentRegion = English;
			hasScannedForEncodings = 0;
			knownRegions = (
				en,
				Base,
			);
			mainGroup = 84EAD88A1DAD24F50034B9E2;
			productRefGroup = 84EAD8941DAD24F50034B9E2 /* Products */;
			projectDirPath = "";
			projectRoot = "";
			targets = (
				84EAD8921DAD24F50034B9E2 /* SoundCloudViper */,
			);
		};
/* End PBXProject section */

/* Begin PBXResourcesBuildPhase section */
		84EAD8911DAD24F50034B9E2 /* Resources */ = {
			isa = PBXResourcesBuildPhase;
			buildActionMask = 2147483647;
			files = (
				84EAD8C91DAD26F60034B9E2 /* Home.storyboard in Resources */,
				84EAD8D81DAD27090034B9E2 /* Player.storyboard in Resources */,
				84EAD9171DAD2C0A0034B9E2 /* ActivityTableViewCell.xib in Resources */,
				84EAD9071DAD272C0034B9E2 /* Login.storyboard in Resources */,
				84EAD8A11DAD24F50034B9E2 /* LaunchScreen.storyboard in Resources */,
				84EAD9101DAD27FB0034B9E2 /* logo.png in Resources */,
				84EAD8E71DAD27170034B9E2 /* Tracks.storyboard in Resources */,
				84EAD89E1DAD24F50034B9E2 /* Assets.xcassets in Resources */,
				84EAD9131DAD29960034B9E2 /* HeaderTableView.xib in Resources */,
				84EAD8F61DAD27200034B9E2 /* Welcome.storyboard in Resources */,
			);
			runOnlyForDeploymentPostprocessing = 0;
		};
/* End PBXResourcesBuildPhase section */

/* Begin PBXSourcesBuildPhase section */
		84EAD88F1DAD24F50034B9E2 /* Sources */ = {
			isa = PBXSourcesBuildPhase;
			buildActionMask = 2147483647;
			files = (
				84EAD8D61DAD27090034B9E2 /* PlayerInteractor.swift in Sources */,
				84EAD8F51DAD27200034B9E2 /* WelcomeInteractorProtocol.swift in Sources */,
				84EAD9191DAD2C290034B9E2 /* ActivityTableViewCell.swift in Sources */,
				84EAD8E91DAD27170034B9E2 /* TracksWireframe.swift in Sources */,
				84EAD8E61DAD27170034B9E2 /* TracksIntreractorProtocol.swift in Sources */,
				84EAD8971DAD24F50034B9E2 /* AppDelegate.swift in Sources */,
				84EAD8EA1DAD27170034B9E2 /* TracksWireframeProtocol.swift in Sources */,
				84EAD8F91DAD27200034B9E2 /* WelcomeWireframeProtocol.swift in Sources */,
				84EAD8C81DAD26F60034B9E2 /* HomeInteractorProtocol.swift in Sources */,
				84EAD9091DAD272C0034B9E2 /* SoundCloudAuthenticator.swift in Sources */,
				84EAD8E81DAD27170034B9E2 /* TracksViewController.swift in Sources */,
				84EAD8F41DAD27200034B9E2 /* WelcomeInteractor.swift in Sources */,
				84EAD8D71DAD27090034B9E2 /* PlayerInteractorProtocol.swift in Sources */,
				84EAD90A1DAD272C0034B9E2 /* LoginWireframe.swift in Sources */,
				84EAD8C71DAD26F60034B9E2 /* HomeInteractor.swift in Sources */,
				84EAD9081DAD272C0034B9E2 /* LoginViewController.swift in Sources */,
				84EAD9051DAD272C0034B9E2 /* LoginInteractor.swift in Sources */,
				84EAD90D1DAD27880034B9E2 /* RootWireframe.swift in Sources */,
				84EAD8F81DAD27200034B9E2 /* WelcomeWireframe.swift in Sources */,
				84EAD8D91DAD27090034B9E2 /* PlayerViewController.swift in Sources */,
				84EAD8CB1DAD26F60034B9E2 /* HomeWireframe.swift in Sources */,
				84EAD8CA1DAD26F60034B9E2 /* HomeViewController.swift in Sources */,
				84EAD91C1DAD2D6F0034B9E2 /* RequestService.swift in Sources */,
				84EAD8E51DAD27170034B9E2 /* TracksInteractor.swift in Sources */,
				84EAD9151DAD29CE0034B9E2 /* HeaderTableViewCell.swift in Sources */,
				84EAD8CC1DAD26F60034B9E2 /* HomeWireframeProtocol.swift in Sources */,
				84EAD90B1DAD272C0034B9E2 /* LoginWireframeProtocol.swift in Sources */,
				84EAD8DA1DAD27090034B9E2 /* PlayerWireframe.swift in Sources */,
				84EAD8DB1DAD27090034B9E2 /* PlayerWireframeProtocol.swift in Sources */,
				84EAD8F71DAD27200034B9E2 /* WelcomeViewController.swift in Sources */,
				84EAD9061DAD272C0034B9E2 /* LoginInteractorProtocol.swift in Sources */,
			);
			runOnlyForDeploymentPostprocessing = 0;
		};
/* End PBXSourcesBuildPhase section */

/* Begin PBXVariantGroup section */
		84EAD89F1DAD24F50034B9E2 /* LaunchScreen.storyboard */ = {
			isa = PBXVariantGroup;
			children = (
				84EAD8A01DAD24F50034B9E2 /* Base */,
			);
			name = LaunchScreen.storyboard;
			sourceTree = "<group>";
		};
/* End PBXVariantGroup section */

/* Begin XCBuildConfiguration section */
		84EAD8A31DAD24F50034B9E2 /* Debug */ = {
			isa = XCBuildConfiguration;
			buildSettings = {
				ALWAYS_SEARCH_USER_PATHS = NO;
				CLANG_ANALYZER_NONNULL = YES;
				CLANG_CXX_LANGUAGE_STANDARD = "gnu++0x";
				CLANG_CXX_LIBRARY = "libc++";
				CLANG_ENABLE_MODULES = YES;
				CLANG_ENABLE_OBJC_ARC = YES;
				CLANG_WARN_BOOL_CONVERSION = YES;
				CLANG_WARN_CONSTANT_CONVERSION = YES;
				CLANG_WARN_DIRECT_OBJC_ISA_USAGE = YES_ERROR;
				CLANG_WARN_DOCUMENTATION_COMMENTS = YES;
				CLANG_WARN_EMPTY_BODY = YES;
				CLANG_WARN_ENUM_CONVERSION = YES;
				CLANG_WARN_INFINITE_RECURSION = YES;
				CLANG_WARN_INT_CONVERSION = YES;
				CLANG_WARN_OBJC_ROOT_CLASS = YES_ERROR;
				CLANG_WARN_SUSPICIOUS_MOVES = YES;
				CLANG_WARN_UNREACHABLE_CODE = YES;
				CLANG_WARN__DUPLICATE_METHOD_MATCH = YES;
				"CODE_SIGN_IDENTITY[sdk=iphoneos*]" = "iPhone Developer";
				COPY_PHASE_STRIP = NO;
				DEBUG_INFORMATION_FORMAT = dwarf;
				ENABLE_STRICT_OBJC_MSGSEND = YES;
				ENABLE_TESTABILITY = YES;
				GCC_C_LANGUAGE_STANDARD = gnu99;
				GCC_DYNAMIC_NO_PIC = NO;
				GCC_NO_COMMON_BLOCKS = YES;
				GCC_OPTIMIZATION_LEVEL = 0;
				GCC_PREPROCESSOR_DEFINITIONS = (
					"DEBUG=1",
					"$(inherited)",
				);
				GCC_WARN_64_TO_32_BIT_CONVERSION = YES;
				GCC_WARN_ABOUT_RETURN_TYPE = YES_ERROR;
				GCC_WARN_UNDECLARED_SELECTOR = YES;
				GCC_WARN_UNINITIALIZED_AUTOS = YES_AGGRESSIVE;
				GCC_WARN_UNUSED_FUNCTION = YES;
				GCC_WARN_UNUSED_VARIABLE = YES;
				IPHONEOS_DEPLOYMENT_TARGET = 10.0;
				MTL_ENABLE_DEBUG_INFO = YES;
				ONLY_ACTIVE_ARCH = YES;
				SDKROOT = iphoneos;
				SWIFT_ACTIVE_COMPILATION_CONDITIONS = DEBUG;
				SWIFT_OPTIMIZATION_LEVEL = "-Onone";
				TARGETED_DEVICE_FAMILY = "1,2";
			};
			name = Debug;
		};
		84EAD8A41DAD24F50034B9E2 /* Release */ = {
			isa = XCBuildConfiguration;
			buildSettings = {
				ALWAYS_SEARCH_USER_PATHS = NO;
				CLANG_ANALYZER_NONNULL = YES;
				CLANG_CXX_LANGUAGE_STANDARD = "gnu++0x";
				CLANG_CXX_LIBRARY = "libc++";
				CLANG_ENABLE_MODULES = YES;
				CLANG_ENABLE_OBJC_ARC = YES;
				CLANG_WARN_BOOL_CONVERSION = YES;
				CLANG_WARN_CONSTANT_CONVERSION = YES;
				CLANG_WARN_DIRECT_OBJC_ISA_USAGE = YES_ERROR;
				CLANG_WARN_DOCUMENTATION_COMMENTS = YES;
				CLANG_WARN_EMPTY_BODY = YES;
				CLANG_WARN_ENUM_CONVERSION = YES;
				CLANG_WARN_INFINITE_RECURSION = YES;
				CLANG_WARN_INT_CONVERSION = YES;
				CLANG_WARN_OBJC_ROOT_CLASS = YES_ERROR;
				CLANG_WARN_SUSPICIOUS_MOVES = YES;
				CLANG_WARN_UNREACHABLE_CODE = YES;
				CLANG_WARN__DUPLICATE_METHOD_MATCH = YES;
				"CODE_SIGN_IDENTITY[sdk=iphoneos*]" = "iPhone Developer";
				COPY_PHASE_STRIP = NO;
				DEBUG_INFORMATION_FORMAT = "dwarf-with-dsym";
				ENABLE_NS_ASSERTIONS = NO;
				ENABLE_STRICT_OBJC_MSGSEND = YES;
				GCC_C_LANGUAGE_STANDARD = gnu99;
				GCC_NO_COMMON_BLOCKS = YES;
				GCC_WARN_64_TO_32_BIT_CONVERSION = YES;
				GCC_WARN_ABOUT_RETURN_TYPE = YES_ERROR;
				GCC_WARN_UNDECLARED_SELECTOR = YES;
				GCC_WARN_UNINITIALIZED_AUTOS = YES_AGGRESSIVE;
				GCC_WARN_UNUSED_FUNCTION = YES;
				GCC_WARN_UNUSED_VARIABLE = YES;
				IPHONEOS_DEPLOYMENT_TARGET = 10.0;
				MTL_ENABLE_DEBUG_INFO = NO;
				SDKROOT = iphoneos;
				SWIFT_OPTIMIZATION_LEVEL = "-Owholemodule";
				TARGETED_DEVICE_FAMILY = "1,2";
				VALIDATE_PRODUCT = YES;
			};
			name = Release;
		};
		84EAD8A61DAD24F50034B9E2 /* Debug */ = {
			isa = XCBuildConfiguration;
			buildSettings = {
				ASSETCATALOG_COMPILER_APPICON_NAME = AppIcon;
				INFOPLIST_FILE = SoundCloudViper/Info.plist;
				LD_RUNPATH_SEARCH_PATHS = "$(inherited) @executable_path/Frameworks";
				PRODUCT_BUNDLE_IDENTIFIER = Moz.SoundCloudViper;
				PRODUCT_NAME = "$(TARGET_NAME)";
				SWIFT_VERSION = 3.0;
			};
			name = Debug;
		};
		84EAD8A71DAD24F50034B9E2 /* Release */ = {
			isa = XCBuildConfiguration;
			buildSettings = {
				ASSETCATALOG_COMPILER_APPICON_NAME = AppIcon;
				INFOPLIST_FILE = SoundCloudViper/Info.plist;
				LD_RUNPATH_SEARCH_PATHS = "$(inherited) @executable_path/Frameworks";
				PRODUCT_BUNDLE_IDENTIFIER = Moz.SoundCloudViper;
				PRODUCT_NAME = "$(TARGET_NAME)";
				SWIFT_VERSION = 3.0;
			};
			name = Release;
		};
/* End XCBuildConfiguration section */

/* Begin XCConfigurationList section */
		84EAD88E1DAD24F50034B9E2 /* Build configuration list for PBXProject "SoundCloudViper" */ = {
			isa = XCConfigurationList;
			buildConfigurations = (
				84EAD8A31DAD24F50034B9E2 /* Debug */,
				84EAD8A41DAD24F50034B9E2 /* Release */,
			);
			defaultConfigurationIsVisible = 0;
			defaultConfigurationName = Release;
		};
		84EAD8A51DAD24F50034B9E2 /* Build configuration list for PBXNativeTarget "SoundCloudViper" */ = {
			isa = XCConfigurationList;
			buildConfigurations = (
				84EAD8A61DAD24F50034B9E2 /* Debug */,
				84EAD8A71DAD24F50034B9E2 /* Release */,
			);
			defaultConfigurationIsVisible = 0;
		};
/* End XCConfigurationList section */
	};
	rootObject = 84EAD88B1DAD24F50034B9E2 /* Project object */;
}
